{
  "lockfileVersion": 1,
  "workspaces": {
    "": {
      "name": "resource-proxy",
      "dependencies": {
        "redis": "^4.6.13",
        "ws": "^8.16.0",
      },
      "devDependencies": {
        "@types/ws": "^8.5.10",
        "bun-types": "latest",
      },
    },
  },
  "packages": {
    "@redis/bloom": ["@redis/bloom@1.2.0", "", { "peerDependencies": { "@redis/client": "^1.0.0" } }, "sha512-HG2DFjYKbpNmVXsa0keLHp/3leGJz1mjh09f2RLGGLQZzSHpkmZWuwJbAvo3QcRY8p80m5+ZdXZdYOSBLlp7Cg=="],

    "@redis/client": ["@redis/client@1.6.1", "", { "dependencies": { "cluster-key-slot": "1.1.2", "generic-pool": "3.9.0", "yallist": "4.0.0" } }, "sha512-/KCsg3xSlR+nCK8/8ZYSknYxvXHwubJrU82F3Lm1Fp6789VQ0/3RJKfsmRXjqfaTA++23CvC3hqmqe/2GEt6Kw=="],

    "@redis/graph": ["@redis/graph@1.1.1", "", { "peerDependencies": { "@redis/client": "^1.0.0" } }, "sha512-FEMTcTHZozZciLRl6GiiIB4zGm5z5F3F6a6FZCyrfxdKOhFlGkiAqlexWMBzCi4DcRoyiOsuLfW+cjlGWyExOw=="],

    "@redis/json": ["@redis/json@1.0.7", "", { "peerDependencies": { "@redis/client": "^1.0.0" } }, "sha512-6UyXfjVaTBTJtKNG4/9Z8PSpKE6XgSyEb8iwaqDcy+uKrd/DGYHTWkUdnQDyzm727V7p21WUMhsqz5oy65kPcQ=="],

    "@redis/search": ["@redis/search@1.2.0", "", { "peerDependencies": { "@redis/client": "^1.0.0" } }, "sha512-tYoDBbtqOVigEDMAcTGsRlMycIIjwMCgD8eR2t0NANeQmgK/lvxNAvYyb6bZDD4frHRhIHkJu2TBRvB0ERkOmw=="],

    "@redis/time-series": ["@redis/time-series@1.1.0", "", { "peerDependencies": { "@redis/client": "^1.0.0" } }, "sha512-c1Q99M5ljsIuc4YdaCwfUEXsofakb9c8+Zse2qxTadu8TalLXuAESzLvFAvNVbkmSlvlzIQOLpBCmWI9wTOt+g=="],

    "@types/node": ["@types/node@25.5.0", "", { "dependencies": { "undici-types": "~7.18.0" } }, "sha512-jp2P3tQMSxWugkCUKLRPVUpGaL5MVFwF8RDuSRztfwgN1wmqJeMSbKlnEtQqU8UrhTmzEmZdu2I6v2dpp7XIxw=="],

    "@types/ws": ["@types/ws@8.18.1", "", { "dependencies": { "@types/node": "*" } }, "sha512-ThVF6DCVhA8kUGy+aazFQ4kXQ7E1Ty7A3ypFOe0IcJV8O/M511G99AW24irKrW56Wt44yG9+ij8FaqoBGkuBXg=="],

    "bun-types": ["bun-types@1.3.11", "", { "dependencies": { "@types/node": "*" } }, "sha512-1KGPpoxQWl9f6wcZh57LvrPIInQMn2TQ7jsgxqpRzg+l0QPOFvJVH7HmvHo/AiPgwXy+/Thf6Ov3EdVn1vOabg=="],

    "cluster-key-slot": ["cluster-key-slot@1.1.2", "", {}, "sha512-RMr0FhtfXemyinomL4hrWcYJxmX6deFdCxpJzhDttxgO1+bcCnkk+9drydLVDmAMG7NE6aN/fl4F7ucU/90gAA=="],

    "generic-pool": ["generic-pool@3.9.0", "", {}, "sha512-hymDOu5B53XvN4QT9dBmZxPX4CWhBPPLguTZ9MMFeFa/Kg0xWVfylOVNlJji/E7yTZWFd/q9GO5TxDLq156D7g=="],

    "redis": ["redis@4.7.1", "", { "dependencies": { "@redis/bloom": "1.2.0", "@redis/client": "1.6.1", "@redis/graph": "1.1.1", "@redis/json": "1.0.7", "@redis/search": "1.2.0", "@redis/time-series": "1.1.0" } }, "sha512-S1bJDnqLftzHXHP8JsT5II/CtHWQrASX5K96REjWjlmWKrviSOLWmM7QnRLstAWsu1VBBV1ffV6DzCvxNP0UJQ=="],

    "undici-types": ["undici-types@7.18.2", "", {}, "sha512-AsuCzffGHJybSaRrmr5eHr81mwJU3kjw6M+uprWvCXiNeN9SOGwQ3Jn8jb8m3Z6izVgknn1R0FTCEAP2QrLY/w=="],

    "ws": ["ws@8.20.0", "", { "peerDependencies": { "bufferutil": "^4.0.1", "utf-8-validate": ">=5.0.2" }, "optionalPeers": ["bufferutil", "utf-8-validate"] }, "sha512-sAt8BhgNbzCtgGbt2OxmpuryO63ZoDk/sqaB/znQm94T4fCEsy/yV+7CdC1kJhOU9lboAEU7R3kquuycDoibVA=="],

    "yallist": ["yallist@4.0.0", "", {}, "sha512-3wdGidZyq5PB084XLES5TpOSRA3wjXAlIWMhum2kRcv/41Sn2emQ0dycQW4uZXLejwKvg6EsvbdlVL+FYEct7A=="],
  }
}
